
Microsoft Visual Studio Solution File, Format Version 12.00
# Visual Studio Version 16
VisualStudioVersion = 16.0.32002.261
MinimumVisualStudioVersion = 10.0.40219.1
Project("{FAE04EC0-301F-11D3-BF4B-00C04F79EFBC}") = "linda_obj_decompress", "linda_obj_decompress\linda_obj_decompress.csproj", "{E6340A94-D410-47B8-A35D-C62C9E15C70F}"
EndProject
Global
	GlobalSection(SolutionConfigurationPlatforms) = preSolution
		Debug|Any CPU = Debug|Any CPU
		Release|Any CPU = Release|Any CPU
	EndGlobalSection
	GlobalSection(ProjectConfigurationPlatforms) = postSolution
		{E6340A94-D410-47B8-A35D-C62C9E15C70F}.Debug|Any CPU.ActiveCfg = Debug|Any CPU
		{E6340A94-D410-47B8-A35D-C62C9E15C70F}.Debug|Any CPU.Build.0 = Debug|Any CPU
		{E6340A94-D410-47B8-A35D-C62C9E15C70F}.Release|Any CPU.ActiveCfg = Release|Any CPU
		{E6340A94-D410-47B8-A35D-C62C9E15C70F}.Release|Any CPU.Build.0 = Release|Any CPU
	EndGlobalSection
	GlobalSection(SolutionProperties) = preSolution
		HideSolutionNode = FALSE
	EndGlobalSection
	GlobalSection(ExtensibilityGlobals) = postSolution
		SolutionGuid = {FF519957-B6E0-442F-A0E2-153459F89287}
	EndGlobalSection
EndGlobal
